
Microsoft Visual Studio Solution File, Format Version 12.00
# Visual Studio Version 16
VisualStudioVersion = 16.0.31624.102
MinimumVisualStudioVersion = 10.0.40219.1
Project("{FAE04EC0-301F-11D3-BF4B-00C04F79EFBC}") = "Funcoes", "Ex_17\Funcoes.csproj", "{04BE5877-D03F-4B48-916D-60029A9C5DB7}"
EndProject
Global
	GlobalSection(SolutionConfigurationPlatforms) = preSolution
		Debug|Any CPU = Debug|Any CPU
		Release|Any CPU = Release|Any CPU
	EndGlobalSection
	GlobalSection(ProjectConfigurationPlatforms) = postSolution
		{04BE5877-D03F-4B48-916D-60029A9C5DB7}.Debug|Any CPU.ActiveCfg = Debug|Any CPU
		{04BE5877-D03F-4B48-916D-60029A9C5DB7}.Debug|Any CPU.Build.0 = Debug|Any CPU
		{04BE5877-D03F-4B48-916D-60029A9C5DB7}.Release|Any CPU.ActiveCfg = Release|Any CPU
		{04BE5877-D03F-4B48-916D-60029A9C5DB7}.Release|Any CPU.Build.0 = Release|Any CPU
	EndGlobalSection
	GlobalSection(SolutionProperties) = preSolution
		HideSolutionNode = FALSE
	EndGlobalSection
	GlobalSection(ExtensibilityGlobals) = postSolution
		SolutionGuid = {2EFB25F9-E7E6-45F4-8ECB-3DF44F43287A}
	EndGlobalSection
EndGlobal
