
Microsoft Visual Studio Solution File, Format Version 12.00
# Visual Studio Version 16
VisualStudioVersion = 16.0.32126.315
MinimumVisualStudioVersion = 10.0.40219.1
Project("{FAE04EC0-301F-11D3-BF4B-00C04F79EFBC}") = "Problema_sem_Oobj", "Problema_sem_Oobj\Problema_sem_Oobj.csproj", "{9A11DC02-2D69-4D38-AEAD-99C2C7EB191B}"
EndProject
Global
	GlobalSection(SolutionConfigurationPlatforms) = preSolution
		Debug|Any CPU = Debug|Any CPU
		Release|Any CPU = Release|Any CPU
	EndGlobalSection
	GlobalSection(ProjectConfigurationPlatforms) = postSolution
		{9A11DC02-2D69-4D38-AEAD-99C2C7EB191B}.Debug|Any CPU.ActiveCfg = Debug|Any CPU
		{9A11DC02-2D69-4D38-AEAD-99C2C7EB191B}.Debug|Any CPU.Build.0 = Debug|Any CPU
		{9A11DC02-2D69-4D38-AEAD-99C2C7EB191B}.Release|Any CPU.ActiveCfg = Release|Any CPU
		{9A11DC02-2D69-4D38-AEAD-99C2C7EB191B}.Release|Any CPU.Build.0 = Release|Any CPU
	EndGlobalSection
	GlobalSection(SolutionProperties) = preSolution
		HideSolutionNode = FALSE
	EndGlobalSection
	GlobalSection(ExtensibilityGlobals) = postSolution
		SolutionGuid = {9A6B8CF6-EEBE-4EBC-BCFE-D4E2C0D6BB77}
	EndGlobalSection
EndGlobal
