
Microsoft Visual Studio Solution File, Format Version 12.00
# Visual Studio Version 16
VisualStudioVersion = 16.0.31702.278
MinimumVisualStudioVersion = 10.0.40219.1
Project("{FAE04EC0-301F-11D3-BF4B-00C04F79EFBC}") = "Ex_14", "Ex_14\Ex_14.csproj", "{900144CE-D622-4509-BEF3-1285CE0DCD45}"
EndProject
Global
	GlobalSection(SolutionConfigurationPlatforms) = preSolution
		Debug|Any CPU = Debug|Any CPU
		Release|Any CPU = Release|Any CPU
	EndGlobalSection
	GlobalSection(ProjectConfigurationPlatforms) = postSolution
		{900144CE-D622-4509-BEF3-1285CE0DCD45}.Debug|Any CPU.ActiveCfg = Debug|Any CPU
		{900144CE-D622-4509-BEF3-1285CE0DCD45}.Debug|Any CPU.Build.0 = Debug|Any CPU
		{900144CE-D622-4509-BEF3-1285CE0DCD45}.Release|Any CPU.ActiveCfg = Release|Any CPU
		{900144CE-D622-4509-BEF3-1285CE0DCD45}.Release|Any CPU.Build.0 = Release|Any CPU
	EndGlobalSection
	GlobalSection(SolutionProperties) = preSolution
		HideSolutionNode = FALSE
	EndGlobalSection
	GlobalSection(ExtensibilityGlobals) = postSolution
		SolutionGuid = {16C6599D-7DFB-4DDF-B9FD-B5C8BA854099}
	EndGlobalSection
EndGlobal
