
Microsoft Visual Studio Solution File, Format Version 12.00
# Visual Studio Version 16
VisualStudioVersion = 16.0.32126.315
MinimumVisualStudioVersion = 10.0.40219.1
Project("{FAE04EC0-301F-11D3-BF4B-00C04F79EFBC}") = "Ex_21", "Ex_21\Ex_21.csproj", "{6DBAEE7E-FA94-4059-B52B-0638413BFFE0}"
EndProject
Global
	GlobalSection(SolutionConfigurationPlatforms) = preSolution
		Debug|Any CPU = Debug|Any CPU
		Release|Any CPU = Release|Any CPU
	EndGlobalSection
	GlobalSection(ProjectConfigurationPlatforms) = postSolution
		{6DBAEE7E-FA94-4059-B52B-0638413BFFE0}.Debug|Any CPU.ActiveCfg = Debug|Any CPU
		{6DBAEE7E-FA94-4059-B52B-0638413BFFE0}.Debug|Any CPU.Build.0 = Debug|Any CPU
		{6DBAEE7E-FA94-4059-B52B-0638413BFFE0}.Release|Any CPU.ActiveCfg = Release|Any CPU
		{6DBAEE7E-FA94-4059-B52B-0638413BFFE0}.Release|Any CPU.Build.0 = Release|Any CPU
	EndGlobalSection
	GlobalSection(SolutionProperties) = preSolution
		HideSolutionNode = FALSE
	EndGlobalSection
	GlobalSection(ExtensibilityGlobals) = postSolution
		SolutionGuid = {EBCB03B7-90DA-4D68-9646-9132EE35E9EB}
	EndGlobalSection
EndGlobal
