
Microsoft Visual Studio Solution File, Format Version 12.00
# Visual Studio Version 16
VisualStudioVersion = 16.0.31702.278
MinimumVisualStudioVersion = 10.0.40219.1
Project("{FAE04EC0-301F-11D3-BF4B-00C04F79EFBC}") = "Ex_9", "Ex_9\Ex_9.csproj", "{A9107C2F-2AAB-4B3E-A17B-1609FB87364A}"
EndProject
Global
	GlobalSection(SolutionConfigurationPlatforms) = preSolution
		Debug|Any CPU = Debug|Any CPU
		Release|Any CPU = Release|Any CPU
	EndGlobalSection
	GlobalSection(ProjectConfigurationPlatforms) = postSolution
		{A9107C2F-2AAB-4B3E-A17B-1609FB87364A}.Debug|Any CPU.ActiveCfg = Debug|Any CPU
		{A9107C2F-2AAB-4B3E-A17B-1609FB87364A}.Debug|Any CPU.Build.0 = Debug|Any CPU
		{A9107C2F-2AAB-4B3E-A17B-1609FB87364A}.Release|Any CPU.ActiveCfg = Release|Any CPU
		{A9107C2F-2AAB-4B3E-A17B-1609FB87364A}.Release|Any CPU.Build.0 = Release|Any CPU
	EndGlobalSection
	GlobalSection(SolutionProperties) = preSolution
		HideSolutionNode = FALSE
	EndGlobalSection
	GlobalSection(ExtensibilityGlobals) = postSolution
		SolutionGuid = {A8CC9A02-DC01-43D0-8B6C-C2170F3D82BF}
	EndGlobalSection
EndGlobal
