
Microsoft Visual Studio Solution File, Format Version 12.00
# Visual Studio Version 16
VisualStudioVersion = 16.0.32106.194
MinimumVisualStudioVersion = 10.0.40219.1
Project("{FAE04EC0-301F-11D3-BF4B-00C04F79EFBC}") = "Ex_20", "Ex_20\Ex_20.csproj", "{35285635-69CF-4B42-B21C-74E9197BF279}"
EndProject
Global
	GlobalSection(SolutionConfigurationPlatforms) = preSolution
		Debug|Any CPU = Debug|Any CPU
		Release|Any CPU = Release|Any CPU
	EndGlobalSection
	GlobalSection(ProjectConfigurationPlatforms) = postSolution
		{35285635-69CF-4B42-B21C-74E9197BF279}.Debug|Any CPU.ActiveCfg = Debug|Any CPU
		{35285635-69CF-4B42-B21C-74E9197BF279}.Debug|Any CPU.Build.0 = Debug|Any CPU
		{35285635-69CF-4B42-B21C-74E9197BF279}.Release|Any CPU.ActiveCfg = Release|Any CPU
		{35285635-69CF-4B42-B21C-74E9197BF279}.Release|Any CPU.Build.0 = Release|Any CPU
	EndGlobalSection
	GlobalSection(SolutionProperties) = preSolution
		HideSolutionNode = FALSE
	EndGlobalSection
	GlobalSection(ExtensibilityGlobals) = postSolution
		SolutionGuid = {2AEB2A46-5E3C-45DB-B564-8CBB03A92534}
	EndGlobalSection
EndGlobal
