
Microsoft Visual Studio Solution File, Format Version 12.00
# Visual Studio Version 16
VisualStudioVersion = 16.0.31702.278
MinimumVisualStudioVersion = 10.0.40219.1
Project("{FAE04EC0-301F-11D3-BF4B-00C04F79EFBC}") = "Ex_5", "Ex_5\Ex_5.csproj", "{5301A227-A0F2-495F-86CA-B2B21B2D25CF}"
EndProject
Global
	GlobalSection(SolutionConfigurationPlatforms) = preSolution
		Debug|Any CPU = Debug|Any CPU
		Release|Any CPU = Release|Any CPU
	EndGlobalSection
	GlobalSection(ProjectConfigurationPlatforms) = postSolution
		{5301A227-A0F2-495F-86CA-B2B21B2D25CF}.Debug|Any CPU.ActiveCfg = Debug|Any CPU
		{5301A227-A0F2-495F-86CA-B2B21B2D25CF}.Debug|Any CPU.Build.0 = Debug|Any CPU
		{5301A227-A0F2-495F-86CA-B2B21B2D25CF}.Release|Any CPU.ActiveCfg = Release|Any CPU
		{5301A227-A0F2-495F-86CA-B2B21B2D25CF}.Release|Any CPU.Build.0 = Release|Any CPU
	EndGlobalSection
	GlobalSection(SolutionProperties) = preSolution
		HideSolutionNode = FALSE
	EndGlobalSection
	GlobalSection(ExtensibilityGlobals) = postSolution
		SolutionGuid = {03103015-F44E-4A11-8C88-08252D80C262}
	EndGlobalSection
EndGlobal
