
Microsoft Visual Studio Solution File, Format Version 12.00
# Visual Studio Version 16
VisualStudioVersion = 16.0.31702.278
MinimumVisualStudioVersion = 10.0.40219.1
Project("{FAE04EC0-301F-11D3-BF4B-00C04F79EFBC}") = "Ex_8", "Ex_8\Ex_8.csproj", "{31D5CCC2-9213-44E3-B4EC-8CA536A6D0CE}"
EndProject
Global
	GlobalSection(SolutionConfigurationPlatforms) = preSolution
		Debug|Any CPU = Debug|Any CPU
		Release|Any CPU = Release|Any CPU
	EndGlobalSection
	GlobalSection(ProjectConfigurationPlatforms) = postSolution
		{31D5CCC2-9213-44E3-B4EC-8CA536A6D0CE}.Debug|Any CPU.ActiveCfg = Debug|Any CPU
		{31D5CCC2-9213-44E3-B4EC-8CA536A6D0CE}.Debug|Any CPU.Build.0 = Debug|Any CPU
		{31D5CCC2-9213-44E3-B4EC-8CA536A6D0CE}.Release|Any CPU.ActiveCfg = Release|Any CPU
		{31D5CCC2-9213-44E3-B4EC-8CA536A6D0CE}.Release|Any CPU.Build.0 = Release|Any CPU
	EndGlobalSection
	GlobalSection(SolutionProperties) = preSolution
		HideSolutionNode = FALSE
	EndGlobalSection
	GlobalSection(ExtensibilityGlobals) = postSolution
		SolutionGuid = {20492EF7-A976-434D-8596-3AA1EC0A1F95}
	EndGlobalSection
EndGlobal
